
Microsoft Visual Studio Solution File, Format Version 12.00
# Visual Studio Version 16
VisualStudioVersion = 16.0.810.1
MinimumVisualStudioVersion = 10.0.40219.1
Project("{FAE04EC0-301F-11D3-BF4B-00C04F79EFBC}") = "SelectionStatementsExercise2", "SelectionStatementsExercise2\SelectionStatementsExercise2.csproj", "{7490F4B2-2266-4732-9858-224C7A383F74}"
EndProject
Global
	GlobalSection(SolutionConfigurationPlatforms) = preSolution
		Debug|Any CPU = Debug|Any CPU
		Release|Any CPU = Release|Any CPU
	EndGlobalSection
	GlobalSection(ProjectConfigurationPlatforms) = postSolution
		{7490F4B2-2266-4732-9858-224C7A383F74}.Debug|Any CPU.ActiveCfg = Debug|Any CPU
		{7490F4B2-2266-4732-9858-224C7A383F74}.Debug|Any CPU.Build.0 = Debug|Any CPU
		{7490F4B2-2266-4732-9858-224C7A383F74}.Release|Any CPU.ActiveCfg = Release|Any CPU
		{7490F4B2-2266-4732-9858-224C7A383F74}.Release|Any CPU.Build.0 = Release|Any CPU
	EndGlobalSection
	GlobalSection(SolutionProperties) = preSolution
		HideSolutionNode = FALSE
	EndGlobalSection
	GlobalSection(ExtensibilityGlobals) = postSolution
		SolutionGuid = {948558B9-E2F8-4B74-9804-A70E6E6D59D5}
	EndGlobalSection
EndGlobal
